// !$*UTF8*$!
{
	archiveVersion = 1;
	classes = {
	};
	objectVersion = 77;
	objects = {

/* Begin PBXBuildFile section */
		02B2911BECDD5FC9E3E254FF /* AlertsView.swift in Sources */ = {isa = PBXBuildFile; fileRef = F65420AEC648AE79189DC537 /* AlertsView.swift */; };
		087F63A81F52AB0925A2DAFD /* jetbrainsmono_semibold.ttf in Resources */ = {isa = PBXBuildFile; fileRef = AB76D6E813B82B572484A68B /* jetbrainsmono_semibold.ttf */; };
		0B96E6E01118D9F070DB6732 /* archivo_expanded_extrabold.ttf in Resources */ = {isa = PBXBuildFile; fileRef = 981BE412D9DABA873CB21A90 /* archivo_expanded_extrabold.ttf */; };
		18694193E6DC3F16296A51E8 /* SurfTests.swift in Sources */ = {isa = PBXBuildFile; fileRef = 2539C9026DB0A20145EF3B6F /* SurfTests.swift */; };
		1CD2A25F0D243040A66C09F6 /* ShareCardTests.swift in Sources */ = {isa = PBXBuildFile; fileRef = BD927275C63E5C0D58946202 /* ShareCardTests.swift */; };
		1F8D995CCA317C2450DC32C8 /* es in Resources */ = {isa = PBXBuildFile; fileRef = 153EA0412852F6C283591D2B /* es */; };
		219E818A2F3442D9E76A4B7D /* Assets.xcassets in Resources */ = {isa = PBXBuildFile; fileRef = B78BAF8A7FE946E45414D942 /* Assets.xcassets */; };
		2C0630C39E7A187C4280F93B /* MareaWidget.appex in Embed Foundation Extensions */ = {isa = PBXBuildFile; fileRef = 7D3894CA8F9FCC224BEC7FB6 /* MareaWidget.appex */; settings = {ATTRIBUTES = (RemoveHeadersOnCopy, ); }; };
		392830F8DC492AB0F514AF3E /* InfoPlist.strings in Resources */ = {isa = PBXBuildFile; fileRef = 657577562EA9D1C3F8BF1BEA /* InfoPlist.strings */; };
		3B5E3C9A865924FF2B5B9A2A /* spots.json in Resources */ = {isa = PBXBuildFile; fileRef = F73C12D79D905492551DC8E3 /* spots.json */; };
		40448F3737A3EEB4EEB86F6A /* SpotListView.swift in Sources */ = {isa = PBXBuildFile; fileRef = CF59A4923543D78F702D82D0 /* SpotListView.swift */; };
		412946CE6D5A3D3AFC3F1693 /* TideChartView.swift in Sources */ = {isa = PBXBuildFile; fileRef = 77F4BABB3370856D8656D2AD /* TideChartView.swift */; };
		532C8F0054529FCC6FBFFF3B /* PrivacyInfo.xcprivacy in Resources */ = {isa = PBXBuildFile; fileRef = 8BF1C59134AD002CE1D5561D /* PrivacyInfo.xcprivacy */; };
		5C0631639AF989F7A02E3055 /* jetbrainsmono_bold.ttf in Resources */ = {isa = PBXBuildFile; fileRef = 84477D9F0C1784E43CC4B6D2 /* jetbrainsmono_bold.ttf */; };
		5D581253D36C0BD3A2EFB180 /* somo.json in Resources */ = {isa = PBXBuildFile; fileRef = 535ADBCE901EA37395C1917C /* somo.json */; };
		6535E9D7472F0CF80BE6D5D1 /* Theme.swift in Sources */ = {isa = PBXBuildFile; fileRef = 8E056D38644F34FB24B51B82 /* Theme.swift */; };
		6F16C6321FAB311FD5F6825D /* Models.swift in Sources */ = {isa = PBXBuildFile; fileRef = 0A71B05F4DD95F4CE9D66602 /* Models.swift */; };
		715FFCE70991D9EC1EAF9DA6 /* LocationPanel.swift in Sources */ = {isa = PBXBuildFile; fileRef = 69FB97C27F03F9158E2C8A40 /* LocationPanel.swift */; };
		725C36673CF909D3F62C4954 /* MareaWidget.swift in Sources */ = {isa = PBXBuildFile; fileRef = 7F029246F979C39397829415 /* MareaWidget.swift */; };
		777AE5248951454B0A865FA7 /* archivo_bold.ttf in Resources */ = {isa = PBXBuildFile; fileRef = D8F79160A0F78706E0CD3E52 /* archivo_bold.ttf */; };
		7D6567A1EE1FE0A171F6CBE8 /* spots.json in Resources */ = {isa = PBXBuildFile; fileRef = F73C12D79D905492551DC8E3 /* spots.json */; };
		888939EE4670C2F9277CB090 /* ShareCard.swift in Sources */ = {isa = PBXBuildFile; fileRef = FD4DB88D09C693A85A5ED0BF /* ShareCard.swift */; };
		8D423EC13A83A8C838341621 /* BuoyPanel.swift in Sources */ = {isa = PBXBuildFile; fileRef = B3D4A362900418CD714ED8AB /* BuoyPanel.swift */; };
		9CC88C467F89B2C415EE7266 /* Help.swift in Sources */ = {isa = PBXBuildFile; fileRef = 6B6B2E0EBDD33613AA65E06E /* Help.swift */; };
		AA8D7F13A20C879CF65263D1 /* figtree_semibold.ttf in Resources */ = {isa = PBXBuildFile; fileRef = DEFF00B7B65C01CDE68D244D /* figtree_semibold.ttf */; };
		ABCF4C2B8FAA41E6149F6765 /* Localizable.strings in Resources */ = {isa = PBXBuildFile; fileRef = E17FD9B7C6EDC5339105165A /* Localizable.strings */; };
		B2182EC4244AA22F67DC15E8 /* AppState.swift in Sources */ = {isa = PBXBuildFile; fileRef = 51C91FDAE87C1AD70020FBDA /* AppState.swift */; };
		B464D574488C7F386CC1D1DB /* HistoryPanel.swift in Sources */ = {isa = PBXBuildFile; fileRef = 6C1EC014CFFCA58A578F314C /* HistoryPanel.swift */; };
		C47AABBB3B6732D727042CF0 /* figtree_regular.ttf in Resources */ = {isa = PBXBuildFile; fileRef = 63AB89EB9B7D779EA7F9F7D0 /* figtree_regular.ttf */; };
		CA63E144778F14BAA4A71814 /* APIClient.swift in Sources */ = {isa = PBXBuildFile; fileRef = C228E33BD533C06B23168222 /* APIClient.swift */; };
		D02CE8D28D28362AAA2428B4 /* SpotsMapView.swift in Sources */ = {isa = PBXBuildFile; fileRef = B22196642C6DFE751A6E38E9 /* SpotsMapView.swift */; };
		D132FC9AC77E47DAAE87617E /* overview.json in Resources */ = {isa = PBXBuildFile; fileRef = 957EBA19254A90A5D1DC25AD /* overview.json */; };
		D4EC7A7282081198B051C3AD /* AlertsTests.swift in Sources */ = {isa = PBXBuildFile; fileRef = B146DBEB794ABF4E89911BA2 /* AlertsTests.swift */; };
		DCA99808303D4DF3486304B2 /* MareaApp.swift in Sources */ = {isa = PBXBuildFile; fileRef = 7A711F4B677C2FC7F77B72F8 /* MareaApp.swift */; };
		E16C81FBC211D70D2E2A9C30 /* L10n.swift in Sources */ = {isa = PBXBuildFile; fileRef = BA54C16ABE08FDE05FE9D779 /* L10n.swift */; };
		E1C5C8F50F8B474BAB98B379 /* en in Resources */ = {isa = PBXBuildFile; fileRef = 8D0617B4A68BBEA18445845B /* en */; };
		FE191C7763F8BF46E954F07B /* Surf.swift in Sources */ = {isa = PBXBuildFile; fileRef = DCA5435032A453958E51BBD2 /* Surf.swift */; };
		FE1D8D80C9748203F41C0492 /* SpotDetailView.swift in Sources */ = {isa = PBXBuildFile; fileRef = 75FD649597B13B0DC90BA1CD /* SpotDetailView.swift */; };
/* End PBXBuildFile section */

/* Begin PBXContainerItemProxy section */
		4915824B3B52F37E8EF6F592 /* PBXContainerItemProxy */ = {
			isa = PBXContainerItemProxy;
			containerPortal = D81DA1CECCA3362E088B853F /* Project object */;
			proxyType = 1;
			remoteGlobalIDString = FB72CA2E63642E5D264B126F;
			remoteInfo = Marea;
		};
		521879F9A6B98DDF7B566ACD /* PBXContainerItemProxy */ = {
			isa = PBXContainerItemProxy;
			containerPortal = D81DA1CECCA3362E088B853F /* Project object */;
			proxyType = 1;
			remoteGlobalIDString = CADE8E07BE67AFA81DB2F5D5;
			remoteInfo = MareaWidget;
		};
/* End PBXContainerItemProxy section */

/* Begin PBXCopyFilesBuildPhase section */
		E244012FC52492AE6AAB53C4 /* Embed Foundation Extensions */ = {
			isa = PBXCopyFilesBuildPhase;
			buildActionMask = 2147483647;
			dstPath = "";
			dstSubfolderSpec = 13;
			files = (
				2C0630C39E7A187C4280F93B /* MareaWidget.appex in Embed Foundation Extensions */,
			);
			name = "Embed Foundation Extensions";
			runOnlyForDeploymentPostprocessing = 0;
		};
/* End PBXCopyFilesBuildPhase section */

/* Begin PBXFileReference section */
		0A71B05F4DD95F4CE9D66602 /* Models.swift */ = {isa = PBXFileReference; lastKnownFileType = sourcecode.swift; path = Models.swift; sourceTree = "<group>"; };
		0B524B256A64198DBC8EB873 /* Info.plist */ = {isa = PBXFileReference; lastKnownFileType = text.plist; path = Info.plist; sourceTree = "<group>"; };
		0D602BBE9DC7C2BC1833652D /* Marea.entitlements */ = {isa = PBXFileReference; lastKnownFileType = text.plist.entitlements; path = Marea.entitlements; sourceTree = "<group>"; };
		153EA0412852F6C283591D2B /* es */ = {isa = PBXFileReference; lastKnownFileType = text.plist.strings; name = es; path = es.lproj/Localizable.strings; sourceTree = "<group>"; };
		2539C9026DB0A20145EF3B6F /* SurfTests.swift */ = {isa = PBXFileReference; lastKnownFileType = sourcecode.swift; path = SurfTests.swift; sourceTree = "<group>"; };
		393DA0F8B1C255A8FAEC0428 /* Info.plist */ = {isa = PBXFileReference; lastKnownFileType = text.plist; path = Info.plist; sourceTree = "<group>"; };
		499CDFC330C3114BFCB9F4CC /* Marea.app */ = {isa = PBXFileReference; includeInIndex = 0; lastKnownFileType = wrapper.application; path = Marea.app; sourceTree = BUILT_PRODUCTS_DIR; };
		51C91FDAE87C1AD70020FBDA /* AppState.swift */ = {isa = PBXFileReference; lastKnownFileType = sourcecode.swift; path = AppState.swift; sourceTree = "<group>"; };
		535ADBCE901EA37395C1917C /* somo.json */ = {isa = PBXFileReference; lastKnownFileType = text.json; path = somo.json; sourceTree = "<group>"; };
		63AB89EB9B7D779EA7F9F7D0 /* figtree_regular.ttf */ = {isa = PBXFileReference; lastKnownFileType = file; path = figtree_regular.ttf; sourceTree = "<group>"; };
		69FB97C27F03F9158E2C8A40 /* LocationPanel.swift */ = {isa = PBXFileReference; lastKnownFileType = sourcecode.swift; path = LocationPanel.swift; sourceTree = "<group>"; };
		6B6B2E0EBDD33613AA65E06E /* Help.swift */ = {isa = PBXFileReference; lastKnownFileType = sourcecode.swift; path = Help.swift; sourceTree = "<group>"; };
		6C1EC014CFFCA58A578F314C /* HistoryPanel.swift */ = {isa = PBXFileReference; lastKnownFileType = sourcecode.swift; path = HistoryPanel.swift; sourceTree = "<group>"; };
		75FD649597B13B0DC90BA1CD /* SpotDetailView.swift */ = {isa = PBXFileReference; lastKnownFileType = sourcecode.swift; path = SpotDetailView.swift; sourceTree = "<group>"; };
		77F4BABB3370856D8656D2AD /* TideChartView.swift */ = {isa = PBXFileReference; lastKnownFileType = sourcecode.swift; path = TideChartView.swift; sourceTree = "<group>"; };
		7A711F4B677C2FC7F77B72F8 /* MareaApp.swift */ = {isa = PBXFileReference; lastKnownFileType = sourcecode.swift; path = MareaApp.swift; sourceTree = "<group>"; };
		7D3894CA8F9FCC224BEC7FB6 /* MareaWidget.appex */ = {isa = PBXFileReference; includeInIndex = 0; lastKnownFileType = "wrapper.app-extension"; path = MareaWidget.appex; sourceTree = BUILT_PRODUCTS_DIR; };
		7F029246F979C39397829415 /* MareaWidget.swift */ = {isa = PBXFileReference; lastKnownFileType = sourcecode.swift; path = MareaWidget.swift; sourceTree = "<group>"; };
		84477D9F0C1784E43CC4B6D2 /* jetbrainsmono_bold.ttf */ = {isa = PBXFileReference; lastKnownFileType = file; path = jetbrainsmono_bold.ttf; sourceTree = "<group>"; };
		8BF1C59134AD002CE1D5561D /* PrivacyInfo.xcprivacy */ = {isa = PBXFileReference; path = PrivacyInfo.xcprivacy; sourceTree = "<group>"; };
		8D0617B4A68BBEA18445845B /* en */ = {isa = PBXFileReference; lastKnownFileType = text.plist.strings; name = en; path = en.lproj/Localizable.strings; sourceTree = "<group>"; };
		8E056D38644F34FB24B51B82 /* Theme.swift */ = {isa = PBXFileReference; lastKnownFileType = sourcecode.swift; path = Theme.swift; sourceTree = "<group>"; };
		8FBDBBAB1D06B7DB56B5F9E1 /* MareaTests.xctest */ = {isa = PBXFileReference; includeInIndex = 0; lastKnownFileType = wrapper.cfbundle; path = MareaTests.xctest; sourceTree = BUILT_PRODUCTS_DIR; };
		957EBA19254A90A5D1DC25AD /* overview.json */ = {isa = PBXFileReference; lastKnownFileType = text.json; path = overview.json; sourceTree = "<group>"; };
		981BE412D9DABA873CB21A90 /* archivo_expanded_extrabold.ttf */ = {isa = PBXFileReference; lastKnownFileType = file; path = archivo_expanded_extrabold.ttf; sourceTree = "<group>"; };
		AB76D6E813B82B572484A68B /* jetbrainsmono_semibold.ttf */ = {isa = PBXFileReference; lastKnownFileType = file; path = jetbrainsmono_semibold.ttf; sourceTree = "<group>"; };
		B146DBEB794ABF4E89911BA2 /* AlertsTests.swift */ = {isa = PBXFileReference; lastKnownFileType = sourcecode.swift; path = AlertsTests.swift; sourceTree = "<group>"; };
		B22196642C6DFE751A6E38E9 /* SpotsMapView.swift */ = {isa = PBXFileReference; lastKnownFileType = sourcecode.swift; path = SpotsMapView.swift; sourceTree = "<group>"; };
		B3D4A362900418CD714ED8AB /* BuoyPanel.swift */ = {isa = PBXFileReference; lastKnownFileType = sourcecode.swift; path = BuoyPanel.swift; sourceTree = "<group>"; };
		B78BAF8A7FE946E45414D942 /* Assets.xcassets */ = {isa = PBXFileReference; lastKnownFileType = folder.assetcatalog; path = Assets.xcassets; sourceTree = "<group>"; };
		BA54C16ABE08FDE05FE9D779 /* L10n.swift */ = {isa = PBXFileReference; lastKnownFileType = sourcecode.swift; path = L10n.swift; sourceTree = "<group>"; };
		BD927275C63E5C0D58946202 /* ShareCardTests.swift */ = {isa = PBXFileReference; lastKnownFileType = sourcecode.swift; path = ShareCardTests.swift; sourceTree = "<group>"; };
		C228E33BD533C06B23168222 /* APIClient.swift */ = {isa = PBXFileReference; lastKnownFileType = sourcecode.swift; path = APIClient.swift; sourceTree = "<group>"; };
		C79270814514148B56281753 /* MareaSinPush.entitlements */ = {isa = PBXFileReference; lastKnownFileType = text.plist.entitlements; path = MareaSinPush.entitlements; sourceTree = "<group>"; };
		CF59A4923543D78F702D82D0 /* SpotListView.swift */ = {isa = PBXFileReference; lastKnownFileType = sourcecode.swift; path = SpotListView.swift; sourceTree = "<group>"; };
		D8F79160A0F78706E0CD3E52 /* archivo_bold.ttf */ = {isa = PBXFileReference; lastKnownFileType = file; path = archivo_bold.ttf; sourceTree = "<group>"; };
		DCA5435032A453958E51BBD2 /* Surf.swift */ = {isa = PBXFileReference; lastKnownFileType = sourcecode.swift; path = Surf.swift; sourceTree = "<group>"; };
		DEFF00B7B65C01CDE68D244D /* figtree_semibold.ttf */ = {isa = PBXFileReference; lastKnownFileType = file; path = figtree_semibold.ttf; sourceTree = "<group>"; };
		E7E30C484635CD5D2597558D /* en */ = {isa = PBXFileReference; lastKnownFileType = text.plist.strings; name = en; path = en.lproj/InfoPlist.strings; sourceTree = "<group>"; };
		F650A63CE34FCC108B5E668D /* es */ = {isa = PBXFileReference; lastKnownFileType = text.plist.strings; name = es; path = es.lproj/InfoPlist.strings; sourceTree = "<group>"; };
		F65420AEC648AE79189DC537 /* AlertsView.swift */ = {isa = PBXFileReference; lastKnownFileType = sourcecode.swift; path = AlertsView.swift; sourceTree = "<group>"; };
		F73C12D79D905492551DC8E3 /* spots.json */ = {isa = PBXFileReference; lastKnownFileType = text.json; path = spots.json; sourceTree = "<group>"; };
		FD4DB88D09C693A85A5ED0BF /* ShareCard.swift */ = {isa = PBXFileReference; lastKnownFileType = sourcecode.swift; path = ShareCard.swift; sourceTree = "<group>"; };
/* End PBXFileReference section */

/* Begin PBXGroup section */
		28BB8F58222F2D18741BED5C = {
			isa = PBXGroup;
			children = (
				E4AC0C544C9D8467C1D33CDF /* Marea */,
				3572A74B12D0E61C574DEA69 /* MareaTests */,
				D76A93888344A05AF5B1B54A /* MareaWidget */,
				73800002F9250489EFE67FD7 /* Products */,
			);
			sourceTree = "<group>";
		};
		3108ABFCAAEC6BA4F4AC03DA /* en.lproj */ = {
			isa = PBXGroup;
			children = (
				8D0617B4A68BBEA18445845B /* en */,
			);
			path = en.lproj;
			sourceTree = "<group>";
		};
		3572A74B12D0E61C574DEA69 /* MareaTests */ = {
			isa = PBXGroup;
			children = (
				B146DBEB794ABF4E89911BA2 /* AlertsTests.swift */,
				BD927275C63E5C0D58946202 /* ShareCardTests.swift */,
				2539C9026DB0A20145EF3B6F /* SurfTests.swift */,
				E043E36EBD71274E943BC099 /* Fixtures */,
			);
			path = MareaTests;
			sourceTree = "<group>";
		};
		73800002F9250489EFE67FD7 /* Products */ = {
			isa = PBXGroup;
			children = (
				499CDFC330C3114BFCB9F4CC /* Marea.app */,
				8FBDBBAB1D06B7DB56B5F9E1 /* MareaTests.xctest */,
				7D3894CA8F9FCC224BEC7FB6 /* MareaWidget.appex */,
			);
			name = Products;
			sourceTree = "<group>";
		};
		A83432F884CD56C79FFA711E /* Core */ = {
			isa = PBXGroup;
			children = (
				C228E33BD533C06B23168222 /* APIClient.swift */,
				51C91FDAE87C1AD70020FBDA /* AppState.swift */,
				BA54C16ABE08FDE05FE9D779 /* L10n.swift */,
				0A71B05F4DD95F4CE9D66602 /* Models.swift */,
				DCA5435032A453958E51BBD2 /* Surf.swift */,
			);
			path = Core;
			sourceTree = "<group>";
		};
		C014C6E9414B877C08F183C1 /* App */ = {
			isa = PBXGroup;
			children = (
				0B524B256A64198DBC8EB873 /* Info.plist */,
				0D602BBE9DC7C2BC1833652D /* Marea.entitlements */,
				7A711F4B677C2FC7F77B72F8 /* MareaApp.swift */,
				C79270814514148B56281753 /* MareaSinPush.entitlements */,
			);
			path = App;
			sourceTree = "<group>";
		};
		C55BAC451559B1696F79E908 /* es.lproj */ = {
			isa = PBXGroup;
			children = (
				153EA0412852F6C283591D2B /* es */,
			);
			path = es.lproj;
			sourceTree = "<group>";
		};
		D76A93888344A05AF5B1B54A /* MareaWidget */ = {
			isa = PBXGroup;
			children = (
				393DA0F8B1C255A8FAEC0428 /* Info.plist */,
				7F029246F979C39397829415 /* MareaWidget.swift */,
			);
			path = MareaWidget;
			sourceTree = "<group>";
		};
		DB98A7A11D2D3E34FFDA0C6C /* Fonts */ = {
			isa = PBXGroup;
			children = (
				D8F79160A0F78706E0CD3E52 /* archivo_bold.ttf */,
				981BE412D9DABA873CB21A90 /* archivo_expanded_extrabold.ttf */,
				63AB89EB9B7D779EA7F9F7D0 /* figtree_regular.ttf */,
				DEFF00B7B65C01CDE68D244D /* figtree_semibold.ttf */,
				84477D9F0C1784E43CC4B6D2 /* jetbrainsmono_bold.ttf */,
				AB76D6E813B82B572484A68B /* jetbrainsmono_semibold.ttf */,
			);
			path = Fonts;
			sourceTree = "<group>";
		};
		DCA78179FBC44FA510A7F701 /* UI */ = {
			isa = PBXGroup;
			children = (
				F65420AEC648AE79189DC537 /* AlertsView.swift */,
				B3D4A362900418CD714ED8AB /* BuoyPanel.swift */,
				6B6B2E0EBDD33613AA65E06E /* Help.swift */,
				6C1EC014CFFCA58A578F314C /* HistoryPanel.swift */,
				69FB97C27F03F9158E2C8A40 /* LocationPanel.swift */,
				FD4DB88D09C693A85A5ED0BF /* ShareCard.swift */,
				75FD649597B13B0DC90BA1CD /* SpotDetailView.swift */,
				CF59A4923543D78F702D82D0 /* SpotListView.swift */,
				B22196642C6DFE751A6E38E9 /* SpotsMapView.swift */,
				8E056D38644F34FB24B51B82 /* Theme.swift */,
				77F4BABB3370856D8656D2AD /* TideChartView.swift */,
			);
			path = UI;
			sourceTree = "<group>";
		};
		E043E36EBD71274E943BC099 /* Fixtures */ = {
			isa = PBXGroup;
			children = (
				957EBA19254A90A5D1DC25AD /* overview.json */,
				535ADBCE901EA37395C1917C /* somo.json */,
			);
			path = Fixtures;
			sourceTree = "<group>";
		};
		E4AC0C544C9D8467C1D33CDF /* Marea */ = {
			isa = PBXGroup;
			children = (
				C014C6E9414B877C08F183C1 /* App */,
				A83432F884CD56C79FFA711E /* Core */,
				FB921C7F56945A9AF38D60D0 /* Resources */,
				DCA78179FBC44FA510A7F701 /* UI */,
			);
			path = Marea;
			sourceTree = "<group>";
		};
		FB921C7F56945A9AF38D60D0 /* Resources */ = {
			isa = PBXGroup;
			children = (
				B78BAF8A7FE946E45414D942 /* Assets.xcassets */,
				8BF1C59134AD002CE1D5561D /* PrivacyInfo.xcprivacy */,
				F73C12D79D905492551DC8E3 /* spots.json */,
				3108ABFCAAEC6BA4F4AC03DA /* en.lproj */,
				C55BAC451559B1696F79E908 /* es.lproj */,
				DB98A7A11D2D3E34FFDA0C6C /* Fonts */,
				657577562EA9D1C3F8BF1BEA /* InfoPlist.strings */,
				E17FD9B7C6EDC5339105165A /* Localizable.strings */,
			);
			path = Resources;
			sourceTree = "<group>";
		};
/* End PBXGroup section */

/* Begin PBXNativeTarget section */
		8D253FCA0F9B55A6421EB290 /* MareaTests */ = {
			isa = PBXNativeTarget;
			buildConfigurationList = 4496966D98AE5497B921B940 /* Build configuration list for PBXNativeTarget "MareaTests" */;
			buildPhases = (
				364DF286E48C1E25AECA5541 /* Sources */,
				EF02A488F57DE2539EF983F8 /* Resources */,
			);
			buildRules = (
			);
			dependencies = (
				FD5BBA143BDA2E9E4A2A5385 /* PBXTargetDependency */,
			);
			name = MareaTests;
			packageProductDependencies = (
			);
			productName = MareaTests;
			productReference = 8FBDBBAB1D06B7DB56B5F9E1 /* MareaTests.xctest */;
			productType = "com.apple.product-type.bundle.unit-test";
		};
		CADE8E07BE67AFA81DB2F5D5 /* MareaWidget */ = {
			isa = PBXNativeTarget;
			buildConfigurationList = 0A794DA6B17E6053CEAFA942 /* Build configuration list for PBXNativeTarget "MareaWidget" */;
			buildPhases = (
				2F9754190159FA6F3B2A4B04 /* Sources */,
				7B69C96CFC92196BEA5C162A /* Resources */,
			);
			buildRules = (
			);
			dependencies = (
			);
			name = MareaWidget;
			packageProductDependencies = (
			);
			productName = MareaWidget;
			productReference = 7D3894CA8F9FCC224BEC7FB6 /* MareaWidget.appex */;
			productType = "com.apple.product-type.app-extension";
		};
		FB72CA2E63642E5D264B126F /* Marea */ = {
			isa = PBXNativeTarget;
			buildConfigurationList = D2AA40E0C4DAFFE1F71970AC /* Build configuration list for PBXNativeTarget "Marea" */;
			buildPhases = (
				393DB8965D33E7D631A1BB5A /* Sources */,
				021AA2C8BE257D4B2931CE95 /* Resources */,
				E244012FC52492AE6AAB53C4 /* Embed Foundation Extensions */,
			);
			buildRules = (
			);
			dependencies = (
				8F572C868AC6A36ED18630F1 /* PBXTargetDependency */,
			);
			name = Marea;
			packageProductDependencies = (
			);
			productName = Marea;
			productReference = 499CDFC330C3114BFCB9F4CC /* Marea.app */;
			productType = "com.apple.product-type.application";
		};
/* End PBXNativeTarget section */

/* Begin PBXProject section */
		D81DA1CECCA3362E088B853F /* Project object */ = {
			isa = PBXProject;
			attributes = {
				BuildIndependentTargetsInParallel = YES;
				LastUpgradeCheck = 1430;
				TargetAttributes = {
					8D253FCA0F9B55A6421EB290 = {
						DevelopmentTeam = Q64BMK2CLH;
					};
					CADE8E07BE67AFA81DB2F5D5 = {
						DevelopmentTeam = Q64BMK2CLH;
					};
					FB72CA2E63642E5D264B126F = {
						DevelopmentTeam = Q64BMK2CLH;
						ProvisioningStyle = Automatic;
					};
				};
			};
			buildConfigurationList = 3ABDB9BF6C1164DEE38F839F /* Build configuration list for PBXProject "Marea" */;
			developmentRegion = es;
			hasScannedForEncodings = 0;
			knownRegions = (
				Base,
				en,
				es,
			);
			mainGroup = 28BB8F58222F2D18741BED5C;
			minimizedProjectReferenceProxies = 1;
			preferredProjectObjectVersion = 77;
			productRefGroup = 73800002F9250489EFE67FD7 /* Products */;
			projectDirPath = "";
			projectRoot = "";
			targets = (
				FB72CA2E63642E5D264B126F /* Marea */,
				8D253FCA0F9B55A6421EB290 /* MareaTests */,
				CADE8E07BE67AFA81DB2F5D5 /* MareaWidget */,
			);
		};
/* End PBXProject section */

/* Begin PBXResourcesBuildPhase section */
		021AA2C8BE257D4B2931CE95 /* Resources */ = {
			isa = PBXResourcesBuildPhase;
			buildActionMask = 2147483647;
			files = (
				219E818A2F3442D9E76A4B7D /* Assets.xcassets in Resources */,
				392830F8DC492AB0F514AF3E /* InfoPlist.strings in Resources */,
				ABCF4C2B8FAA41E6149F6765 /* Localizable.strings in Resources */,
				532C8F0054529FCC6FBFFF3B /* PrivacyInfo.xcprivacy in Resources */,
				777AE5248951454B0A865FA7 /* archivo_bold.ttf in Resources */,
				0B96E6E01118D9F070DB6732 /* archivo_expanded_extrabold.ttf in Resources */,
				C47AABBB3B6732D727042CF0 /* figtree_regular.ttf in Resources */,
				AA8D7F13A20C879CF65263D1 /* figtree_semibold.ttf in Resources */,
				5C0631639AF989F7A02E3055 /* jetbrainsmono_bold.ttf in Resources */,
				087F63A81F52AB0925A2DAFD /* jetbrainsmono_semibold.ttf in Resources */,
				3B5E3C9A865924FF2B5B9A2A /* spots.json in Resources */,
			);
			runOnlyForDeploymentPostprocessing = 0;
		};
		7B69C96CFC92196BEA5C162A /* Resources */ = {
			isa = PBXResourcesBuildPhase;
			buildActionMask = 2147483647;
			files = (
				1F8D995CCA317C2450DC32C8 /* es in Resources */,
				E1C5C8F50F8B474BAB98B379 /* en in Resources */,
				7D6567A1EE1FE0A171F6CBE8 /* spots.json in Resources */,
			);
			runOnlyForDeploymentPostprocessing = 0;
		};
		EF02A488F57DE2539EF983F8 /* Resources */ = {
			isa = PBXResourcesBuildPhase;
			buildActionMask = 2147483647;
			files = (
				D132FC9AC77E47DAAE87617E /* overview.json in Resources */,
				5D581253D36C0BD3A2EFB180 /* somo.json in Resources */,
			);
			runOnlyForDeploymentPostprocessing = 0;
		};
/* End PBXResourcesBuildPhase section */

/* Begin PBXSourcesBuildPhase section */
		2F9754190159FA6F3B2A4B04 /* Sources */ = {
			isa = PBXSourcesBuildPhase;
			buildActionMask = 2147483647;
			files = (
				725C36673CF909D3F62C4954 /* MareaWidget.swift in Sources */,
			);
			runOnlyForDeploymentPostprocessing = 0;
		};
		364DF286E48C1E25AECA5541 /* Sources */ = {
			isa = PBXSourcesBuildPhase;
			buildActionMask = 2147483647;
			files = (
				D4EC7A7282081198B051C3AD /* AlertsTests.swift in Sources */,
				1CD2A25F0D243040A66C09F6 /* ShareCardTests.swift in Sources */,
				18694193E6DC3F16296A51E8 /* SurfTests.swift in Sources */,
			);
			runOnlyForDeploymentPostprocessing = 0;
		};
		393DB8965D33E7D631A1BB5A /* Sources */ = {
			isa = PBXSourcesBuildPhase;
			buildActionMask = 2147483647;
			files = (
				CA63E144778F14BAA4A71814 /* APIClient.swift in Sources */,
				02B2911BECDD5FC9E3E254FF /* AlertsView.swift in Sources */,
				B2182EC4244AA22F67DC15E8 /* AppState.swift in Sources */,
				8D423EC13A83A8C838341621 /* BuoyPanel.swift in Sources */,
				9CC88C467F89B2C415EE7266 /* Help.swift in Sources */,
				B464D574488C7F386CC1D1DB /* HistoryPanel.swift in Sources */,
				E16C81FBC211D70D2E2A9C30 /* L10n.swift in Sources */,
				715FFCE70991D9EC1EAF9DA6 /* LocationPanel.swift in Sources */,
				DCA99808303D4DF3486304B2 /* MareaApp.swift in Sources */,
				6F16C6321FAB311FD5F6825D /* Models.swift in Sources */,
				888939EE4670C2F9277CB090 /* ShareCard.swift in Sources */,
				FE1D8D80C9748203F41C0492 /* SpotDetailView.swift in Sources */,
				40448F3737A3EEB4EEB86F6A /* SpotListView.swift in Sources */,
				D02CE8D28D28362AAA2428B4 /* SpotsMapView.swift in Sources */,
				FE191C7763F8BF46E954F07B /* Surf.swift in Sources */,
				6535E9D7472F0CF80BE6D5D1 /* Theme.swift in Sources */,
				412946CE6D5A3D3AFC3F1693 /* TideChartView.swift in Sources */,
			);
			runOnlyForDeploymentPostprocessing = 0;
		};
/* End PBXSourcesBuildPhase section */

/* Begin PBXTargetDependency section */
		8F572C868AC6A36ED18630F1 /* PBXTargetDependency */ = {
			isa = PBXTargetDependency;
			target = CADE8E07BE67AFA81DB2F5D5 /* MareaWidget */;
			targetProxy = 521879F9A6B98DDF7B566ACD /* PBXContainerItemProxy */;
		};
		FD5BBA143BDA2E9E4A2A5385 /* PBXTargetDependency */ = {
			isa = PBXTargetDependency;
			target = FB72CA2E63642E5D264B126F /* Marea */;
			targetProxy = 4915824B3B52F37E8EF6F592 /* PBXContainerItemProxy */;
		};
/* End PBXTargetDependency section */

/* Begin PBXVariantGroup section */
		657577562EA9D1C3F8BF1BEA /* InfoPlist.strings */ = {
			isa = PBXVariantGroup;
			children = (
				E7E30C484635CD5D2597558D /* en */,
				F650A63CE34FCC108B5E668D /* es */,
			);
			name = InfoPlist.strings;
			sourceTree = "<group>";
		};
		E17FD9B7C6EDC5339105165A /* Localizable.strings */ = {
			isa = PBXVariantGroup;
			children = (
				8D0617B4A68BBEA18445845B /* en */,
				153EA0412852F6C283591D2B /* es */,
			);
			name = Localizable.strings;
			sourceTree = "<group>";
		};
/* End PBXVariantGroup section */

/* Begin XCBuildConfiguration section */
		065D7AC3ACC4CF15F7F3E7E1 /* Release */ = {
			isa = XCBuildConfiguration;
			buildSettings = {
				ASSETCATALOG_COMPILER_APPICON_NAME = AppIcon;
				CODE_SIGN_ENTITLEMENTS = Marea/App/Marea.entitlements;
				CODE_SIGN_IDENTITY = "iPhone Developer";
				CODE_SIGN_STYLE = Automatic;
				GENERATE_INFOPLIST_FILE = NO;
				INFOPLIST_FILE = Marea/App/Info.plist;
				LD_RUNPATH_SEARCH_PATHS = (
					"$(inherited)",
					"@executable_path/Frameworks",
				);
				MAREA_API_BASE = "https://marea.onrender.com";
				PRODUCT_BUNDLE_IDENTIFIER = es.marea.app;
				PRODUCT_NAME = Marea;
				SDKROOT = iphoneos;
				TARGETED_DEVICE_FAMILY = 1;
			};
			name = Release;
		};
		1BCED99D9C26CC8E4922C68C /* Release */ = {
			isa = XCBuildConfiguration;
			buildSettings = {
				GENERATE_INFOPLIST_FILE = NO;
				INFOPLIST_FILE = MareaWidget/Info.plist;
				LD_RUNPATH_SEARCH_PATHS = (
					"$(inherited)",
					"@executable_path/Frameworks",
					"@executable_path/../../Frameworks",
				);
				MAREA_API_BASE = "https://marea.onrender.com";
				PRODUCT_BUNDLE_IDENTIFIER = es.marea.app.widget;
				PRODUCT_NAME = MareaWidget;
				SDKROOT = iphoneos;
				TARGETED_DEVICE_FAMILY = 1;
			};
			name = Release;
		};
		1F4B8FD8E5EA8078A0CBD9C7 /* Release */ = {
			isa = XCBuildConfiguration;
			buildSettings = {
				ALWAYS_SEARCH_USER_PATHS = NO;
				CLANG_ANALYZER_NONNULL = YES;
				CLANG_ANALYZER_NUMBER_OBJECT_CONVERSION = YES_AGGRESSIVE;
				CLANG_CXX_LANGUAGE_STANDARD = "gnu++14";
				CLANG_CXX_LIBRARY = "libc++";
				CLANG_ENABLE_MODULES = YES;
				CLANG_ENABLE_OBJC_ARC = YES;
				CLANG_ENABLE_OBJC_WEAK = YES;
				CLANG_WARN_BLOCK_CAPTURE_AUTORELEASING = YES;
				CLANG_WARN_BOOL_CONVERSION = YES;
				CLANG_WARN_COMMA = YES;
				CLANG_WARN_CONSTANT_CONVERSION = YES;
				CLANG_WARN_DEPRECATED_OBJC_IMPLEMENTATIONS = YES;
				CLANG_WARN_DIRECT_OBJC_ISA_USAGE = YES_ERROR;
				CLANG_WARN_DOCUMENTATION_COMMENTS = YES;
				CLANG_WARN_EMPTY_BODY = YES;
				CLANG_WARN_ENUM_CONVERSION = YES;
				CLANG_WARN_INFINITE_RECURSION = YES;
				CLANG_WARN_INT_CONVERSION = YES;
				CLANG_WARN_NON_LITERAL_NULL_CONVERSION = YES;
				CLANG_WARN_OBJC_IMPLICIT_RETAIN_SELF = YES;
				CLANG_WARN_OBJC_LITERAL_CONVERSION = YES;
				CLANG_WARN_OBJC_ROOT_CLASS = YES_ERROR;
				CLANG_WARN_QUOTED_INCLUDE_IN_FRAMEWORK_HEADER = YES;
				CLANG_WARN_RANGE_LOOP_ANALYSIS = YES;
				CLANG_WARN_STRICT_PROTOTYPES = YES;
				CLANG_WARN_SUSPICIOUS_MOVE = YES;
				CLANG_WARN_UNGUARDED_AVAILABILITY = YES_AGGRESSIVE;
				CLANG_WARN_UNREACHABLE_CODE = YES;
				CLANG_WARN__DUPLICATE_METHOD_MATCH = YES;
				COPY_PHASE_STRIP = NO;
				CURRENT_PROJECT_VERSION = 1;
				DEBUG_INFORMATION_FORMAT = "dwarf-with-dsym";
				DEVELOPMENT_TEAM = Q64BMK2CLH;
				ENABLE_NS_ASSERTIONS = NO;
				ENABLE_STRICT_OBJC_MSGSEND = YES;
				GCC_C_LANGUAGE_STANDARD = gnu11;
				GCC_NO_COMMON_BLOCKS = YES;
				GCC_WARN_64_TO_32_BIT_CONVERSION = YES;
				GCC_WARN_ABOUT_RETURN_TYPE = YES_ERROR;
				GCC_WARN_UNDECLARED_SELECTOR = YES;
				GCC_WARN_UNINITIALIZED_AUTOS = YES_AGGRESSIVE;
				GCC_WARN_UNUSED_FUNCTION = YES;
				GCC_WARN_UNUSED_VARIABLE = YES;
				IPHONEOS_DEPLOYMENT_TARGET = 17.0;
				MARKETING_VERSION = 1.0.0;
				MTL_ENABLE_DEBUG_INFO = NO;
				MTL_FAST_MATH = YES;
				PRODUCT_NAME = "$(TARGET_NAME)";
				SDKROOT = iphoneos;
				SWIFT_COMPILATION_MODE = wholemodule;
				SWIFT_OPTIMIZATION_LEVEL = "-O";
				SWIFT_VERSION = 6.0;
			};
			name = Release;
		};
		1F76DC8F464901D1FAC8C987 /* Release */ = {
			isa = XCBuildConfiguration;
			buildSettings = {
				BUNDLE_LOADER = "$(TEST_HOST)";
				GENERATE_INFOPLIST_FILE = YES;
				LD_RUNPATH_SEARCH_PATHS = (
					"$(inherited)",
					"@executable_path/Frameworks",
					"@loader_path/Frameworks",
				);
				PRODUCT_BUNDLE_IDENTIFIER = es.marea.app.tests;
				SDKROOT = iphoneos;
				TARGETED_DEVICE_FAMILY = "1,2";
				TEST_HOST = "$(BUILT_PRODUCTS_DIR)/Marea.app/Marea";
			};
			name = Release;
		};
		2D1697A645623DFE8B31DF9C /* Debug */ = {
			isa = XCBuildConfiguration;
			buildSettings = {
				BUNDLE_LOADER = "$(TEST_HOST)";
				GENERATE_INFOPLIST_FILE = YES;
				LD_RUNPATH_SEARCH_PATHS = (
					"$(inherited)",
					"@executable_path/Frameworks",
					"@loader_path/Frameworks",
				);
				PRODUCT_BUNDLE_IDENTIFIER = es.marea.app.tests;
				SDKROOT = iphoneos;
				TARGETED_DEVICE_FAMILY = "1,2";
				TEST_HOST = "$(BUILT_PRODUCTS_DIR)/Marea.app/Marea";
			};
			name = Debug;
		};
		E1645F75171E6E0A01A02963 /* Debug */ = {
			isa = XCBuildConfiguration;
			buildSettings = {
				ASSETCATALOG_COMPILER_APPICON_NAME = AppIcon;
				CODE_SIGN_IDENTITY = "iPhone Developer";
				CODE_SIGN_STYLE = Automatic;
				GENERATE_INFOPLIST_FILE = NO;
				INFOPLIST_FILE = Marea/App/Info.plist;
				LD_RUNPATH_SEARCH_PATHS = (
					"$(inherited)",
					"@executable_path/Frameworks",
				);
				MAREA_API_BASE = "https://marea.onrender.com";
				PRODUCT_BUNDLE_IDENTIFIER = es.marea.app;
				PRODUCT_NAME = Marea;
				SDKROOT = iphoneos;
				TARGETED_DEVICE_FAMILY = 1;
			};
			name = Debug;
		};
		F61FEF97D5BC7835009983B0 /* Debug */ = {
			isa = XCBuildConfiguration;
			buildSettings = {
				GENERATE_INFOPLIST_FILE = NO;
				INFOPLIST_FILE = MareaWidget/Info.plist;
				LD_RUNPATH_SEARCH_PATHS = (
					"$(inherited)",
					"@executable_path/Frameworks",
					"@executable_path/../../Frameworks",
				);
				MAREA_API_BASE = "http://localhost:8080";
				PRODUCT_BUNDLE_IDENTIFIER = es.marea.app.widget;
				PRODUCT_NAME = MareaWidget;
				SDKROOT = iphoneos;
				TARGETED_DEVICE_FAMILY = 1;
			};
			name = Debug;
		};
		F7F2D01AB6F229FB762D719A /* Debug */ = {
			isa = XCBuildConfiguration;
			buildSettings = {
				ALWAYS_SEARCH_USER_PATHS = NO;
				CLANG_ANALYZER_NONNULL = YES;
				CLANG_ANALYZER_NUMBER_OBJECT_CONVERSION = YES_AGGRESSIVE;
				CLANG_CXX_LANGUAGE_STANDARD = "gnu++14";
				CLANG_CXX_LIBRARY = "libc++";
				CLANG_ENABLE_MODULES = YES;
				CLANG_ENABLE_OBJC_ARC = YES;
				CLANG_ENABLE_OBJC_WEAK = YES;
				CLANG_WARN_BLOCK_CAPTURE_AUTORELEASING = YES;
				CLANG_WARN_BOOL_CONVERSION = YES;
				CLANG_WARN_COMMA = YES;
				CLANG_WARN_CONSTANT_CONVERSION = YES;
				CLANG_WARN_DEPRECATED_OBJC_IMPLEMENTATIONS = YES;
				CLANG_WARN_DIRECT_OBJC_ISA_USAGE = YES_ERROR;
				CLANG_WARN_DOCUMENTATION_COMMENTS = YES;
				CLANG_WARN_EMPTY_BODY = YES;
				CLANG_WARN_ENUM_CONVERSION = YES;
				CLANG_WARN_INFINITE_RECURSION = YES;
				CLANG_WARN_INT_CONVERSION = YES;
				CLANG_WARN_NON_LITERAL_NULL_CONVERSION = YES;
				CLANG_WARN_OBJC_IMPLICIT_RETAIN_SELF = YES;
				CLANG_WARN_OBJC_LITERAL_CONVERSION = YES;
				CLANG_WARN_OBJC_ROOT_CLASS = YES_ERROR;
				CLANG_WARN_QUOTED_INCLUDE_IN_FRAMEWORK_HEADER = YES;
				CLANG_WARN_RANGE_LOOP_ANALYSIS = YES;
				CLANG_WARN_STRICT_PROTOTYPES = YES;
				CLANG_WARN_SUSPICIOUS_MOVE = YES;
				CLANG_WARN_UNGUARDED_AVAILABILITY = YES_AGGRESSIVE;
				CLANG_WARN_UNREACHABLE_CODE = YES;
				CLANG_WARN__DUPLICATE_METHOD_MATCH = YES;
				COPY_PHASE_STRIP = NO;
				CURRENT_PROJECT_VERSION = 1;
				DEBUG_INFORMATION_FORMAT = dwarf;
				DEVELOPMENT_TEAM = Q64BMK2CLH;
				ENABLE_STRICT_OBJC_MSGSEND = YES;
				ENABLE_TESTABILITY = YES;
				GCC_C_LANGUAGE_STANDARD = gnu11;
				GCC_DYNAMIC_NO_PIC = NO;
				GCC_NO_COMMON_BLOCKS = YES;
				GCC_OPTIMIZATION_LEVEL = 0;
				GCC_PREPROCESSOR_DEFINITIONS = (
					"$(inherited)",
					"DEBUG=1",
				);
				GCC_WARN_64_TO_32_BIT_CONVERSION = YES;
				GCC_WARN_ABOUT_RETURN_TYPE = YES_ERROR;
				GCC_WARN_UNDECLARED_SELECTOR = YES;
				GCC_WARN_UNINITIALIZED_AUTOS = YES_AGGRESSIVE;
				GCC_WARN_UNUSED_FUNCTION = YES;
				GCC_WARN_UNUSED_VARIABLE = YES;
				IPHONEOS_DEPLOYMENT_TARGET = 17.0;
				MARKETING_VERSION = 1.0.0;
				MTL_ENABLE_DEBUG_INFO = INCLUDE_SOURCE;
				MTL_FAST_MATH = YES;
				ONLY_ACTIVE_ARCH = YES;
				PRODUCT_NAME = "$(TARGET_NAME)";
				SDKROOT = iphoneos;
				SWIFT_ACTIVE_COMPILATION_CONDITIONS = DEBUG;
				SWIFT_OPTIMIZATION_LEVEL = "-Onone";
				SWIFT_VERSION = 6.0;
			};
			name = Debug;
		};
/* End XCBuildConfiguration section */

/* Begin XCConfigurationList section */
		0A794DA6B17E6053CEAFA942 /* Build configuration list for PBXNativeTarget "MareaWidget" */ = {
			isa = XCConfigurationList;
			buildConfigurations = (
				F61FEF97D5BC7835009983B0 /* Debug */,
				1BCED99D9C26CC8E4922C68C /* Release */,
			);
			defaultConfigurationIsVisible = 0;
			defaultConfigurationName = Debug;
		};
		3ABDB9BF6C1164DEE38F839F /* Build configuration list for PBXProject "Marea" */ = {
			isa = XCConfigurationList;
			buildConfigurations = (
				F7F2D01AB6F229FB762D719A /* Debug */,
				1F4B8FD8E5EA8078A0CBD9C7 /* Release */,
			);
			defaultConfigurationIsVisible = 0;
			defaultConfigurationName = Debug;
		};
		4496966D98AE5497B921B940 /* Build configuration list for PBXNativeTarget "MareaTests" */ = {
			isa = XCConfigurationList;
			buildConfigurations = (
				2D1697A645623DFE8B31DF9C /* Debug */,
				1F76DC8F464901D1FAC8C987 /* Release */,
			);
			defaultConfigurationIsVisible = 0;
			defaultConfigurationName = Debug;
		};
		D2AA40E0C4DAFFE1F71970AC /* Build configuration list for PBXNativeTarget "Marea" */ = {
			isa = XCConfigurationList;
			buildConfigurations = (
				E1645F75171E6E0A01A02963 /* Debug */,
				065D7AC3ACC4CF15F7F3E7E1 /* Release */,
			);
			defaultConfigurationIsVisible = 0;
			defaultConfigurationName = Debug;
		};
/* End XCConfigurationList section */
	};
	rootObject = D81DA1CECCA3362E088B853F /* Project object */;
}
